
Microsoft Visual Studio Solution File, Format Version 12.00
# Visual Studio Version 17
VisualStudioVersion = 17.5.002.0
MinimumVisualStudioVersion = 10.0.40219.1
Project("{9A19103F-16F7-4668-BE54-9A1E7A4F7556}") = "AuctionService", "AuctionService\AuctionService.csproj", "{8F9D0D70-87A4-41E7-9771-DCF3A1B54FB0}"
EndProject
Project("{9A19103F-16F7-4668-BE54-9A1E7A4F7556}") = "BidService", "BidService\BidService.csproj", "{621888E1-07D1-460F-B094-537E2A702609}"
EndProject
Project("{FAE04EC0-301F-11D3-BF4B-00C04F79EFBC}") = "SearchService", "SearchService\SearchService.csproj", "{FC3430C5-B8BC-4CA2-B642-5FCDEEC44B8D}"
EndProject
Project("{FAE04EC0-301F-11D3-BF4B-00C04F79EFBC}") = "IdentityService", "IdentityService\IdentityService.csproj", "{CD9CDB03-B14D-4889-A13E-4100933C7C82}"
EndProject
Global
	GlobalSection(SolutionConfigurationPlatforms) = preSolution
		Debug|Any CPU = Debug|Any CPU
		Release|Any CPU = Release|Any CPU
	EndGlobalSection
	GlobalSection(ProjectConfigurationPlatforms) = postSolution
		{8F9D0D70-87A4-41E7-9771-DCF3A1B54FB0}.Debug|Any CPU.ActiveCfg = Debug|Any CPU
		{8F9D0D70-87A4-41E7-9771-DCF3A1B54FB0}.Debug|Any CPU.Build.0 = Debug|Any CPU
		{8F9D0D70-87A4-41E7-9771-DCF3A1B54FB0}.Release|Any CPU.ActiveCfg = Release|Any CPU
		{8F9D0D70-87A4-41E7-9771-DCF3A1B54FB0}.Release|Any CPU.Build.0 = Release|Any CPU
		{621888E1-07D1-460F-B094-537E2A702609}.Debug|Any CPU.ActiveCfg = Debug|Any CPU
		{621888E1-07D1-460F-B094-537E2A702609}.Debug|Any CPU.Build.0 = Debug|Any CPU
		{621888E1-07D1-460F-B094-537E2A702609}.Release|Any CPU.ActiveCfg = Release|Any CPU
		{621888E1-07D1-460F-B094-537E2A702609}.Release|Any CPU.Build.0 = Release|Any CPU
		{FC3430C5-B8BC-4CA2-B642-5FCDEEC44B8D}.Debug|Any CPU.ActiveCfg = Debug|Any CPU
		{FC3430C5-B8BC-4CA2-B642-5FCDEEC44B8D}.Debug|Any CPU.Build.0 = Debug|Any CPU
		{FC3430C5-B8BC-4CA2-B642-5FCDEEC44B8D}.Release|Any CPU.ActiveCfg = Release|Any CPU
		{FC3430C5-B8BC-4CA2-B642-5FCDEEC44B8D}.Release|Any CPU.Build.0 = Release|Any CPU
		{CD9CDB03-B14D-4889-A13E-4100933C7C82}.Debug|Any CPU.ActiveCfg = Debug|Any CPU
		{CD9CDB03-B14D-4889-A13E-4100933C7C82}.Debug|Any CPU.Build.0 = Debug|Any CPU
		{CD9CDB03-B14D-4889-A13E-4100933C7C82}.Release|Any CPU.ActiveCfg = Release|Any CPU
		{CD9CDB03-B14D-4889-A13E-4100933C7C82}.Release|Any CPU.Build.0 = Release|Any CPU
	EndGlobalSection
	GlobalSection(SolutionProperties) = preSolution
		HideSolutionNode = FALSE
	EndGlobalSection
	GlobalSection(ExtensibilityGlobals) = postSolution
		SolutionGuid = {98DBFCF1-F812-4474-9212-7EBDC45745B6}
	EndGlobalSection
EndGlobal
